// !$*UTF8*$!
{
	archiveVersion = 1;
	classes = {
	};
	objectVersion = 56;
	objects = {

/* Begin PBXBuildFile section */
		428EC4F52A581A4200813040 /* AppDelegate.swift in Sources */ = {isa = PBXBuildFile; fileRef = 428EC4F42A581A4200813040 /* AppDelegate.swift */; };
		428EC4F72A581A4200813040 /* SceneDelegate.swift in Sources */ = {isa = PBXBuildFile; fileRef = 428EC4F62A581A4200813040 /* SceneDelegate.swift */; };
		428EC4F92A581A4200813040 /* ViewController.swift in Sources */ = {isa = PBXBuildFile; fileRef = 428EC4F82A581A4200813040 /* ViewController.swift */; };
		428EC4FC2A581A4200813040 /* Main.storyboard in Resources */ = {isa = PBXBuildFile; fileRef = 428EC4FA2A581A4200813040 /* Main.storyboard */; };
		428EC4FE2A581A4300813040 /* Assets.xcassets in Resources */ = {isa = PBXBuildFile; fileRef = 428EC4FD2A581A4300813040 /* Assets.xcassets */; };
		428EC5012A581A4300813040 /* LaunchScreen.storyboard in Resources */ = {isa = PBXBuildFile; fileRef = 428EC4FF2A581A4300813040 /* LaunchScreen.storyboard */; };
		428EC50C2A581A4300813040 /* studentnameTests.swift in Sources */ = {isa = PBXBuildFile; fileRef = 428EC50B2A581A4300813040 /* studentnameTests.swift */; };
		428EC5162A581A4300813040 /* studentnameUITests.swift in Sources */ = {isa = PBXBuildFile; fileRef = 428EC5152A581A4300813040 /* studentnameUITests.swift */; };
		428EC5182A581A4300813040 /* studentnameUITestsLaunchTests.swift in Sources */ = {isa = PBXBuildFile; fileRef = 428EC5172A581A4300813040 /* studentnameUITestsLaunchTests.swift */; };
/* End PBXBuildFile section */

/* Begin PBXContainerItemProxy section */
		428EC5082A581A4300813040 /* PBXContainerItemProxy */ = {
			isa = PBXContainerItemProxy;
			containerPortal = 428EC4E92A581A4200813040 /* Project object */;
			proxyType = 1;
			remoteGlobalIDString = 428EC4F02A581A4200813040;
			remoteInfo = studentname;
		};
		428EC5122A581A4300813040 /* PBXContainerItemProxy */ = {
			isa = PBXContainerItemProxy;
			containerPortal = 428EC4E92A581A4200813040 /* Project object */;
			proxyType = 1;
			remoteGlobalIDString = 428EC4F02A581A4200813040;
			remoteInfo = studentname;
		};
/* End PBXContainerItemProxy section */

/* Begin PBXFileReference section */
		428EC4F12A581A4200813040 /* studentname.app */ = {isa = PBXFileReference; explicitFileType = wrapper.application; includeInIndex = 0; path = studentname.app; sourceTree = BUILT_PRODUCTS_DIR; };
		428EC4F42A581A4200813040 /* AppDelegate.swift */ = {isa = PBXFileReference; lastKnownFileType = sourcecode.swift; path = AppDelegate.swift; sourceTree = "<group>"; };
		428EC4F62A581A4200813040 /* SceneDelegate.swift */ = {isa = PBXFileReference; lastKnownFileType = sourcecode.swift; path = SceneDelegate.swift; sourceTree = "<group>"; };
		428EC4F82A581A4200813040 /* ViewController.swift */ = {isa = PBXFileReference; lastKnownFileType = sourcecode.swift; path = ViewController.swift; sourceTree = "<group>"; };
		428EC4FB2A581A4200813040 /* Base */ = {isa = PBXFileReference; lastKnownFileType = file.storyboard; name = Base; path = Base.lproj/Main.storyboard; sourceTree = "<group>"; };
		428EC4FD2A581A4300813040 /* Assets.xcassets */ = {isa = PBXFileReference; lastKnownFileType = folder.assetcatalog; path = Assets.xcassets; sourceTree = "<group>"; };
		428EC5002A581A4300813040 /* Base */ = {isa = PBXFileReference; lastKnownFileType = file.storyboard; name = Base; path = Base.lproj/LaunchScreen.storyboard; sourceTree = "<group>"; };
		428EC5022A581A4300813040 /* Info.plist */ = {isa = PBXFileReference; lastKnownFileType = text.plist.xml; path = Info.plist; sourceTree = "<group>"; };
		428EC5072A581A4300813040 /* studentnameTests.xctest */ = {isa = PBXFileReference; explicitFileType = wrapper.cfbundle; includeInIndex = 0; path = studentnameTests.xctest; sourceTree = BUILT_PRODUCTS_DIR; };
		428EC50B2A581A4300813040 /* studentnameTests.swift */ = {isa = PBXFileReference; lastKnownFileType = sourcecode.swift; path = studentnameTests.swift; sourceTree = "<group>"; };
		428EC5112A581A4300813040 /* studentnameUITests.xctest */ = {isa = PBXFileReference; explicitFileType = wrapper.cfbundle; includeInIndex = 0; path = studentnameUITests.xctest; sourceTree = BUILT_PRODUCTS_DIR; };
		428EC5152A581A4300813040 /* studentnameUITests.swift */ = {isa = PBXFileReference; lastKnownFileType = sourcecode.swift; path = studentnameUITests.swift; sourceTree = "<group>"; };
		428EC5172A581A4300813040 /* studentnameUITestsLaunchTests.swift */ = {isa = PBXFileReference; lastKnownFileType = sourcecode.swift; path = studentnameUITestsLaunchTests.swift; sourceTree = "<group>"; };
/* End PBXFileReference section */

/* Begin PBXFrameworksBuildPhase section */
		428EC4EE2A581A4200813040 /* Frameworks */ = {
			isa = PBXFrameworksBuildPhase;
			buildActionMask = 2147483647;
			files = (
			);
			runOnlyForDeploymentPostprocessing = 0;
		};
		428EC5042A581A4300813040 /* Frameworks */ = {
			isa = PBXFrameworksBuildPhase;
			buildActionMask = 2147483647;
			files = (
			);
			runOnlyForDeploymentPostprocessing = 0;
		};
		428EC50E2A581A4300813040 /* Frameworks */ = {
			isa = PBXFrameworksBuildPhase;
			buildActionMask = 2147483647;
			files = (
			);
			runOnlyForDeploymentPostprocessing = 0;
		};
/* End PBXFrameworksBuildPhase section */

/* Begin PBXGroup section */
		428EC4E82A581A4200813040 = {
			isa = PBXGroup;
			children = (
				428EC4F32A581A4200813040 /* studentname */,
				428EC50A2A581A4300813040 /* studentnameTests */,
				428EC5142A581A4300813040 /* studentnameUITests */,
				428EC4F22A581A4200813040 /* Products */,
			);
			sourceTree = "<group>";
		};
		428EC4F22A581A4200813040 /* Products */ = {
			isa = PBXGroup;
			children = (
				428EC4F12A581A4200813040 /* studentname.app */,
				428EC5072A581A4300813040 /* studentnameTests.xctest */,
				428EC5112A581A4300813040 /* studentnameUITests.xctest */,
			);
			name = Products;
			sourceTree = "<group>";
		};
		428EC4F32A581A4200813040 /* studentname */ = {
			isa = PBXGroup;
			children = (
				428EC4F42A581A4200813040 /* AppDelegate.swift */,
				428EC4F62A581A4200813040 /* SceneDelegate.swift */,
				428EC4F82A581A4200813040 /* ViewController.swift */,
				428EC4FA2A581A4200813040 /* Main.storyboard */,
				428EC4FD2A581A4300813040 /* Assets.xcassets */,
				428EC4FF2A581A4300813040 /* LaunchScreen.storyboard */,
				428EC5022A581A4300813040 /* Info.plist */,
			);
			path = studentname;
			sourceTree = "<group>";
		};
		428EC50A2A581A4300813040 /* studentnameTests */ = {
			isa = PBXGroup;
			children = (
				428EC50B2A581A4300813040 /* studentnameTests.swift */,
			);
			path = studentnameTests;
			sourceTree = "<group>";
		};
		428EC5142A581A4300813040 /* studentnameUITests */ = {
			isa = PBXGroup;
			children = (
				428EC5152A581A4300813040 /* studentnameUITests.swift */,
				428EC5172A581A4300813040 /* studentnameUITestsLaunchTests.swift */,
			);
			path = studentnameUITests;
			sourceTree = "<group>";
		};
/* End PBXGroup section */

/* Begin PBXNativeTarget section */
		428EC4F02A581A4200813040 /* studentname */ = {
			isa = PBXNativeTarget;
			buildConfigurationList = 428EC51B2A581A4300813040 /* Build configuration list for PBXNativeTarget "studentname" */;
			buildPhases = (
				428EC4ED2A581A4200813040 /* Sources */,
				428EC4EE2A581A4200813040 /* Frameworks */,
				428EC4EF2A581A4200813040 /* Resources */,
			);
			buildRules = (
			);
			dependencies = (
			);
			name = studentname;
			productName = studentname;
			productReference = 428EC4F12A581A4200813040 /* studentname.app */;
			productType = "com.apple.product-type.application";
		};
		428EC5062A581A4300813040 /* studentnameTests */ = {
			isa = PBXNativeTarget;
			buildConfigurationList = 428EC51E2A581A4300813040 /* Build configuration list for PBXNativeTarget "studentnameTests" */;
			buildPhases = (
				428EC5032A581A4300813040 /* Sources */,
				428EC5042A581A4300813040 /* Frameworks */,
				428EC5052A581A4300813040 /* Resources */,
			);
			buildRules = (
			);
			dependencies = (
				428EC5092A581A4300813040 /* PBXTargetDependency */,
			);
			name = studentnameTests;
			productName = studentnameTests;
			productReference = 428EC5072A581A4300813040 /* studentnameTests.xctest */;
			productType = "com.apple.product-type.bundle.unit-test";
		};
		428EC5102A581A4300813040 /* studentnameUITests */ = {
			isa = PBXNativeTarget;
			buildConfigurationList = 428EC5212A581A4300813040 /* Build configuration list for PBXNativeTarget "studentnameUITests" */;
			buildPhases = (
				428EC50D2A581A4300813040 /* Sources */,
				428EC50E2A581A4300813040 /* Frameworks */,
				428EC50F2A581A4300813040 /* Resources */,
			);
			buildRules = (
			);
			dependencies = (
				428EC5132A581A4300813040 /* PBXTargetDependency */,
			);
			name = studentnameUITests;
			productName = studentnameUITests;
			productReference = 428EC5112A581A4300813040 /* studentnameUITests.xctest */;
			productType = "com.apple.product-type.bundle.ui-testing";
		};
/* End PBXNativeTarget section */

/* Begin PBXProject section */
		428EC4E92A581A4200813040 /* Project object */ = {
			isa = PBXProject;
			attributes = {
				BuildIndependentTargetsInParallel = 1;
				LastSwiftUpdateCheck = 1430;
				LastUpgradeCheck = 1430;
				TargetAttributes = {
					428EC4F02A581A4200813040 = {
						CreatedOnToolsVersion = 14.3.1;
					};
					428EC5062A581A4300813040 = {
						CreatedOnToolsVersion = 14.3.1;
						TestTargetID = 428EC4F02A581A4200813040;
					};
					428EC5102A581A4300813040 = {
						CreatedOnToolsVersion = 14.3.1;
						TestTargetID = 428EC4F02A581A4200813040;
					};
				};
			};
			buildConfigurationList = 428EC4EC2A581A4200813040 /* Build configuration list for PBXProject "studentname" */;
			compatibilityVersion = "Xcode 14.0";
			developmentRegion = en;
			hasScannedForEncodings = 0;
			knownRegions = (
				en,
				Base,
			);
			mainGroup = 428EC4E82A581A4200813040;
			productRefGroup = 428EC4F22A581A4200813040 /* Products */;
			projectDirPath = "";
			projectRoot = "";
			targets = (
				428EC4F02A581A4200813040 /* studentname */,
				428EC5062A581A4300813040 /* studentnameTests */,
				428EC5102A581A4300813040 /* studentnameUITests */,
			);
		};
/* End PBXProject section */

/* Begin PBXResourcesBuildPhase section */
		428EC4EF2A581A4200813040 /* Resources */ = {
			isa = PBXResourcesBuildPhase;
			buildActionMask = 2147483647;
			files = (
				428EC5012A581A4300813040 /* LaunchScreen.storyboard in Resources */,
				428EC4FE2A581A4300813040 /* Assets.xcassets in Resources */,
				428EC4FC2A581A4200813040 /* Main.storyboard in Resources */,
			);
			runOnlyForDeploymentPostprocessing = 0;
		};
		428EC5052A581A4300813040 /* Resources */ = {
			isa = PBXResourcesBuildPhase;
			buildActionMask = 2147483647;
			files = (
			);
			runOnlyForDeploymentPostprocessing = 0;
		};
		428EC50F2A581A4300813040 /* Resources */ = {
			isa = PBXResourcesBuildPhase;
			buildActionMask = 2147483647;
			files = (
			);
			runOnlyForDeploymentPostprocessing = 0;
		};
/* End PBXResourcesBuildPhase section */

/* Begin PBXSourcesBuildPhase section */
		428EC4ED2A581A4200813040 /* Sources */ = {
			isa = PBXSourcesBuildPhase;
			buildActionMask = 2147483647;
			files = (
				428EC4F92A581A4200813040 /* ViewController.swift in Sources */,
				428EC4F52A581A4200813040 /* AppDelegate.swift in Sources */,
				428EC4F72A581A4200813040 /* SceneDelegate.swift in Sources */,
			);
			runOnlyForDeploymentPostprocessing = 0;
		};
		428EC5032A581A4300813040 /* Sources */ = {
			isa = PBXSourcesBuildPhase;
			buildActionMask = 2147483647;
			files = (
				428EC50C2A581A4300813040 /* studentnameTests.swift in Sources */,
			);
			runOnlyForDeploymentPostprocessing = 0;
		};
		428EC50D2A581A4300813040 /* Sources */ = {
			isa = PBXSourcesBuildPhase;
			buildActionMask = 2147483647;
			files = (
				428EC5162A581A4300813040 /* studentnameUITests.swift in Sources */,
				428EC5182A581A4300813040 /* studentnameUITestsLaunchTests.swift in Sources */,
			);
			runOnlyForDeploymentPostprocessing = 0;
		};
/* End PBXSourcesBuildPhase section */

/* Begin PBXTargetDependency section */
		428EC5092A581A4300813040 /* PBXTargetDependency */ = {
			isa = PBXTargetDependency;
			target = 428EC4F02A581A4200813040 /* studentname */;
			targetProxy = 428EC5082A581A4300813040 /* PBXContainerItemProxy */;
		};
		428EC5132A581A4300813040 /* PBXTargetDependency */ = {
			isa = PBXTargetDependency;
			target = 428EC4F02A581A4200813040 /* studentname */;
			targetProxy = 428EC5122A581A4300813040 /* PBXContainerItemProxy */;
		};
/* End PBXTargetDependency section */

/* Begin PBXVariantGroup section */
		428EC4FA2A581A4200813040 /* Main.storyboard */ = {
			isa = PBXVariantGroup;
			children = (
				428EC4FB2A581A4200813040 /* Base */,
			);
			name = Main.storyboard;
			sourceTree = "<group>";
		};
		428EC4FF2A581A4300813040 /* LaunchScreen.storyboard */ = {
			isa = PBXVariantGroup;
			children = (
				428EC5002A581A4300813040 /* Base */,
			);
			name = LaunchScreen.storyboard;
			sourceTree = "<group>";
		};
/* End PBXVariantGroup section */

/* Begin XCBuildConfiguration section */
		428EC5192A581A4300813040 /* Debug */ = {
			isa = XCBuildConfiguration;
			buildSettings = {
				ALWAYS_SEARCH_USER_PATHS = NO;
				CLANG_ANALYZER_NONNULL = YES;
				CLANG_ANALYZER_NUMBER_OBJECT_CONVERSION = YES_AGGRESSIVE;
				CLANG_CXX_LANGUAGE_STANDARD = "gnu++20";
				CLANG_ENABLE_MODULES = YES;
				CLANG_ENABLE_OBJC_ARC = YES;
				CLANG_ENABLE_OBJC_WEAK = YES;
				CLANG_WARN_BLOCK_CAPTURE_AUTORELEASING = YES;
				CLANG_WARN_BOOL_CONVERSION = YES;
				CLANG_WARN_COMMA = YES;
				CLANG_WARN_CONSTANT_CONVERSION = YES;
				CLANG_WARN_DEPRECATED_OBJC_IMPLEMENTATIONS = YES;
				CLANG_WARN_DIRECT_OBJC_ISA_USAGE = YES_ERROR;
				CLANG_WARN_DOCUMENTATION_COMMENTS = YES;
				CLANG_WARN_EMPTY_BODY = YES;
				CLANG_WARN_ENUM_CONVERSION = YES;
				CLANG_WARN_INFINITE_RECURSION = YES;
				CLANG_WARN_INT_CONVERSION = YES;
				CLANG_WARN_NON_LITERAL_NULL_CONVERSION = YES;
				CLANG_WARN_OBJC_IMPLICIT_RETAIN_SELF = YES;
				CLANG_WARN_OBJC_LITERAL_CONVERSION = YES;
				CLANG_WARN_OBJC_ROOT_CLASS = YES_ERROR;
				CLANG_WARN_QUOTED_INCLUDE_IN_FRAMEWORK_HEADER = YES;
				CLANG_WARN_RANGE_LOOP_ANALYSIS = YES;
				CLANG_WARN_STRICT_PROTOTYPES = YES;
				CLANG_WARN_SUSPICIOUS_MOVE = YES;
				CLANG_WARN_UNGUARDED_AVAILABILITY = YES_AGGRESSIVE;
				CLANG_WARN_UNREACHABLE_CODE = YES;
				CLANG_WARN__DUPLICATE_METHOD_MATCH = YES;
				COPY_PHASE_STRIP = NO;
				DEBUG_INFORMATION_FORMAT = dwarf;
				ENABLE_STRICT_OBJC_MSGSEND = YES;
				ENABLE_TESTABILITY = YES;
				GCC_C_LANGUAGE_STANDARD = gnu11;
				GCC_DYNAMIC_NO_PIC = NO;
				GCC_NO_COMMON_BLOCKS = YES;
				GCC_OPTIMIZATION_LEVEL = 0;
				GCC_PREPROCESSOR_DEFINITIONS = (
					"DEBUG=1",
					"$(inherited)",
				);
				GCC_WARN_64_TO_32_BIT_CONVERSION = YES;
				GCC_WARN_ABOUT_RETURN_TYPE = YES_ERROR;
				GCC_WARN_UNDECLARED_SELECTOR = YES;
				GCC_WARN_UNINITIALIZED_AUTOS = YES_AGGRESSIVE;
				GCC_WARN_UNUSED_FUNCTION = YES;
				GCC_WARN_UNUSED_VARIABLE = YES;
				IPHONEOS_DEPLOYMENT_TARGET = 16.4;
				MTL_ENABLE_DEBUG_INFO = INCLUDE_SOURCE;
				MTL_FAST_MATH = YES;
				ONLY_ACTIVE_ARCH = YES;
				SDKROOT = iphoneos;
				SWIFT_ACTIVE_COMPILATION_CONDITIONS = DEBUG;
				SWIFT_OPTIMIZATION_LEVEL = "-Onone";
			};
			name = Debug;
		};
		428EC51A2A581A4300813040 /* Release */ = {
			isa = XCBuildConfiguration;
			buildSettings = {
				ALWAYS_SEARCH_USER_PATHS = NO;
				CLANG_ANALYZER_NONNULL = YES;
				CLANG_ANALYZER_NUMBER_OBJECT_CONVERSION = YES_AGGRESSIVE;
				CLANG_CXX_LANGUAGE_STANDARD = "gnu++20";
				CLANG_ENABLE_MODULES = YES;
				CLANG_ENABLE_OBJC_ARC = YES;
				CLANG_ENABLE_OBJC_WEAK = YES;
				CLANG_WARN_BLOCK_CAPTURE_AUTORELEASING = YES;
				CLANG_WARN_BOOL_CONVERSION = YES;
				CLANG_WARN_COMMA = YES;
				CLANG_WARN_CONSTANT_CONVERSION = YES;
				CLANG_WARN_DEPRECATED_OBJC_IMPLEMENTATIONS = YES;
				CLANG_WARN_DIRECT_OBJC_ISA_USAGE = YES_ERROR;
				CLANG_WARN_DOCUMENTATION_COMMENTS = YES;
				CLANG_WARN_EMPTY_BODY = YES;
				CLANG_WARN_ENUM_CONVERSION = YES;
				CLANG_WARN_INFINITE_RECURSION = YES;
				CLANG_WARN_INT_CONVERSION = YES;
				CLANG_WARN_NON_LITERAL_NULL_CONVERSION = YES;
				CLANG_WARN_OBJC_IMPLICIT_RETAIN_SELF = YES;
				CLANG_WARN_OBJC_LITERAL_CONVERSION = YES;
				CLANG_WARN_OBJC_ROOT_CLASS = YES_ERROR;
				CLANG_WARN_QUOTED_INCLUDE_IN_FRAMEWORK_HEADER = YES;
				CLANG_WARN_RANGE_LOOP_ANALYSIS = YES;
				CLANG_WARN_STRICT_PROTOTYPES = YES;
				CLANG_WARN_SUSPICIOUS_MOVE = YES;
				CLANG_WARN_UNGUARDED_AVAILABILITY = YES_AGGRESSIVE;
				CLANG_WARN_UNREACHABLE_CODE = YES;
				CLANG_WARN__DUPLICATE_METHOD_MATCH = YES;
				COPY_PHASE_STRIP = NO;
				DEBUG_INFORMATION_FORMAT = "dwarf-with-dsym";
				ENABLE_NS_ASSERTIONS = NO;
				ENABLE_STRICT_OBJC_MSGSEND = YES;
				GCC_C_LANGUAGE_STANDARD = gnu11;
				GCC_NO_COMMON_BLOCKS = YES;
				GCC_WARN_64_TO_32_BIT_CONVERSION = YES;
				GCC_WARN_ABOUT_RETURN_TYPE = YES_ERROR;
				GCC_WARN_UNDECLARED_SELECTOR = YES;
				GCC_WARN_UNINITIALIZED_AUTOS = YES_AGGRESSIVE;
				GCC_WARN_UNUSED_FUNCTION = YES;
				GCC_WARN_UNUSED_VARIABLE = YES;
				IPHONEOS_DEPLOYMENT_TARGET = 16.4;
				MTL_ENABLE_DEBUG_INFO = NO;
				MTL_FAST_MATH = YES;
				SDKROOT = iphoneos;
				SWIFT_COMPILATION_MODE = wholemodule;
				SWIFT_OPTIMIZATION_LEVEL = "-O";
				VALIDATE_PRODUCT = YES;
			};
			name = Release;
		};
		428EC51C2A581A4300813040 /* Debug */ = {
			isa = XCBuildConfiguration;
			buildSettings = {
				ASSETCATALOG_COMPILER_APPICON_NAME = AppIcon;
				ASSETCATALOG_COMPILER_GLOBAL_ACCENT_COLOR_NAME = AccentColor;
				CODE_SIGN_STYLE = Automatic;
				CURRENT_PROJECT_VERSION = 1;
				DEVELOPMENT_TEAM = U5ZLATXR54;
				GENERATE_INFOPLIST_FILE = YES;
				INFOPLIST_FILE = studentname/Info.plist;
				INFOPLIST_KEY_UIApplicationSupportsIndirectInputEvents = YES;
				INFOPLIST_KEY_UILaunchStoryboardName = LaunchScreen;
				INFOPLIST_KEY_UIMainStoryboardFile = Main;
				INFOPLIST_KEY_UISupportedInterfaceOrientations_iPad = "UIInterfaceOrientationPortrait UIInterfaceOrientationPortraitUpsideDown UIInterfaceOrientationLandscapeLeft UIInterfaceOrientationLandscapeRight";
				INFOPLIST_KEY_UISupportedInterfaceOrientations_iPhone = "UIInterfaceOrientationPortrait UIInterfaceOrientationLandscapeLeft UIInterfaceOrientationLandscapeRight";
				LD_RUNPATH_SEARCH_PATHS = (
					"$(inherited)",
					"@executable_path/Frameworks",
				);
				MARKETING_VERSION = 1.0;
				PRODUCT_BUNDLE_IDENTIFIER = app.mizuno.lisa.studentname;
				PRODUCT_NAME = "$(TARGET_NAME)";
				SWIFT_EMIT_LOC_STRINGS = YES;
				SWIFT_VERSION = 5.0;
				TARGETED_DEVICE_FAMILY = "1,2";
			};
			name = Debug;
		};
		428EC51D2A581A4300813040 /* Release */ = {
			isa = XCBuildConfiguration;
			buildSettings = {
				ASSETCATALOG_COMPILER_APPICON_NAME = AppIcon;
				ASSETCATALOG_COMPILER_GLOBAL_ACCENT_COLOR_NAME = AccentColor;
				CODE_SIGN_STYLE = Automatic;
				CURRENT_PROJECT_VERSION = 1;
				DEVELOPMENT_TEAM = U5ZLATXR54;
				GENERATE_INFOPLIST_FILE = YES;
				INFOPLIST_FILE = studentname/Info.plist;
				INFOPLIST_KEY_UIApplicationSupportsIndirectInputEvents = YES;
				INFOPLIST_KEY_UILaunchStoryboardName = LaunchScreen;
				INFOPLIST_KEY_UIMainStoryboardFile = Main;
				INFOPLIST_KEY_UISupportedInterfaceOrientations_iPad = "UIInterfaceOrientationPortrait UIInterfaceOrientationPortraitUpsideDown UIInterfaceOrientationLandscapeLeft UIInterfaceOrientationLandscapeRight";
				INFOPLIST_KEY_UISupportedInterfaceOrientations_iPhone = "UIInterfaceOrientationPortrait UIInterfaceOrientationLandscapeLeft UIInterfaceOrientationLandscapeRight";
				LD_RUNPATH_SEARCH_PATHS = (
					"$(inherited)",
					"@executable_path/Frameworks",
				);
				MARKETING_VERSION = 1.0;
				PRODUCT_BUNDLE_IDENTIFIER = app.mizuno.lisa.studentname;
				PRODUCT_NAME = "$(TARGET_NAME)";
				SWIFT_EMIT_LOC_STRINGS = YES;
				SWIFT_VERSION = 5.0;
				TARGETED_DEVICE_FAMILY = "1,2";
			};
			name = Release;
		};
		428EC51F2A581A4300813040 /* Debug */ = {
			isa = XCBuildConfiguration;
			buildSettings = {
				ALWAYS_EMBED_SWIFT_STANDARD_LIBRARIES = YES;
				BUNDLE_LOADER = "$(TEST_HOST)";
				CODE_SIGN_STYLE = Automatic;
				CURRENT_PROJECT_VERSION = 1;
				DEVELOPMENT_TEAM = U5ZLATXR54;
				GENERATE_INFOPLIST_FILE = YES;
				IPHONEOS_DEPLOYMENT_TARGET = 16.4;
				MARKETING_VERSION = 1.0;
				PRODUCT_BUNDLE_IDENTIFIER = app.mizuno.lisa.studentnameTests;
				PRODUCT_NAME = "$(TARGET_NAME)";
				SWIFT_EMIT_LOC_STRINGS = NO;
				SWIFT_VERSION = 5.0;
				TARGETED_DEVICE_FAMILY = "1,2";
				TEST_HOST = "$(BUILT_PRODUCTS_DIR)/studentname.app/$(BUNDLE_EXECUTABLE_FOLDER_PATH)/studentname";
			};
			name = Debug;
		};
		428EC5202A581A4300813040 /* Release */ = {
			isa = XCBuildConfiguration;
			buildSettings = {
				ALWAYS_EMBED_SWIFT_STANDARD_LIBRARIES = YES;
				BUNDLE_LOADER = "$(TEST_HOST)";
				CODE_SIGN_STYLE = Automatic;
				CURRENT_PROJECT_VERSION = 1;
				DEVELOPMENT_TEAM = U5ZLATXR54;
				GENERATE_INFOPLIST_FILE = YES;
				IPHONEOS_DEPLOYMENT_TARGET = 16.4;
				MARKETING_VERSION = 1.0;
				PRODUCT_BUNDLE_IDENTIFIER = app.mizuno.lisa.studentnameTests;
				PRODUCT_NAME = "$(TARGET_NAME)";
				SWIFT_EMIT_LOC_STRINGS = NO;
				SWIFT_VERSION = 5.0;
				TARGETED_DEVICE_FAMILY = "1,2";
				TEST_HOST = "$(BUILT_PRODUCTS_DIR)/studentname.app/$(BUNDLE_EXECUTABLE_FOLDER_PATH)/studentname";
			};
			name = Release;
		};
		428EC5222A581A4300813040 /* Debug */ = {
			isa = XCBuildConfiguration;
			buildSettings = {
				ALWAYS_EMBED_SWIFT_STANDARD_LIBRARIES = YES;
				CODE_SIGN_STYLE = Automatic;
				CURRENT_PROJECT_VERSION = 1;
				DEVELOPMENT_TEAM = U5ZLATXR54;
				GENERATE_INFOPLIST_FILE = YES;
				MARKETING_VERSION = 1.0;
				PRODUCT_BUNDLE_IDENTIFIER = app.mizuno.lisa.studentnameUITests;
				PRODUCT_NAME = "$(TARGET_NAME)";
				SWIFT_EMIT_LOC_STRINGS = NO;
				SWIFT_VERSION = 5.0;
				TARGETED_DEVICE_FAMILY = "1,2";
				TEST_TARGET_NAME = studentname;
			};
			name = Debug;
		};
		428EC5232A581A4300813040 /* Release */ = {
			isa = XCBuildConfiguration;
			buildSettings = {
				ALWAYS_EMBED_SWIFT_STANDARD_LIBRARIES = YES;
				CODE_SIGN_STYLE = Automatic;
				CURRENT_PROJECT_VERSION = 1;
				DEVELOPMENT_TEAM = U5ZLATXR54;
				GENERATE_INFOPLIST_FILE = YES;
				MARKETING_VERSION = 1.0;
				PRODUCT_BUNDLE_IDENTIFIER = app.mizuno.lisa.studentnameUITests;
				PRODUCT_NAME = "$(TARGET_NAME)";
				SWIFT_EMIT_LOC_STRINGS = NO;
				SWIFT_VERSION = 5.0;
				TARGETED_DEVICE_FAMILY = "1,2";
				TEST_TARGET_NAME = studentname;
			};
			name = Release;
		};
/* End XCBuildConfiguration section */

/* Begin XCConfigurationList section */
		428EC4EC2A581A4200813040 /* Build configuration list for PBXProject "studentname" */ = {
			isa = XCConfigurationList;
			buildConfigurations = (
				428EC5192A581A4300813040 /* Debug */,
				428EC51A2A581A4300813040 /* Release */,
			);
			defaultConfigurationIsVisible = 0;
			defaultConfigurationName = Release;
		};
		428EC51B2A581A4300813040 /* Build configuration list for PBXNativeTarget "studentname" */ = {
			isa = XCConfigurationList;
			buildConfigurations = (
				428EC51C2A581A4300813040 /* Debug */,
				428EC51D2A581A4300813040 /* Release */,
			);
			defaultConfigurationIsVisible = 0;
			defaultConfigurationName = Release;
		};
		428EC51E2A581A4300813040 /* Build configuration list for PBXNativeTarget "studentnameTests" */ = {
			isa = XCConfigurationList;
			buildConfigurations = (
				428EC51F2A581A4300813040 /* Debug */,
				428EC5202A581A4300813040 /* Release */,
			);
			defaultConfigurationIsVisible = 0;
			defaultConfigurationName = Release;
		};
		428EC5212A581A4300813040 /* Build configuration list for PBXNativeTarget "studentnameUITests" */ = {
			isa = XCConfigurationList;
			buildConfigurations = (
				428EC5222A581A4300813040 /* Debug */,
				428EC5232A581A4300813040 /* Release */,
			);
			defaultConfigurationIsVisible = 0;
			defaultConfigurationName = Release;
		};
/* End XCConfigurationList section */
	};
	rootObject = 428EC4E92A581A4200813040 /* Project object */;
}
